// !$*UTF8*$!
{
	archiveVersion = 1;
	classes = {
	};
	objectVersion = 77;
	objects = {

/* Begin PBXBuildFile section */
		A1E2B5C02F4A8A1B00F12345 /* Localizable.strings in Resources */ = {isa = PBXBuildFile; fileRef = A1E2B5CB2F4A8A1B00F12345 /* Localizable.strings */; };
/* End PBXBuildFile section */

/* Begin PBXFileReference section */
		0D1B0B402E4CDE460083EEF9 /* LaunchNext.app */ = {isa = PBXFileReference; explicitFileType = wrapper.application; includeInIndex = 0; path = LaunchNext.app; sourceTree = BUILT_PRODUCTS_DIR; };
		690FA1FB2E88822200948FA6 /* cs */ = {isa = PBXFileReference; lastKnownFileType = text.plist.strings; name = cs; path = cs.lproj/Localizable.strings; sourceTree = "<group>"; };
		A1E2B5C12F4A8A1B00F12345 /* en */ = {isa = PBXFileReference; lastKnownFileType = text.plist.strings; name = en; path = en.lproj/Localizable.strings; sourceTree = "<group>"; };
		A1E2B5C22F4A8A1B00F12345 /* zh-Hans */ = {isa = PBXFileReference; lastKnownFileType = text.plist.strings; name = "zh-Hans"; path = "zh-Hans.lproj/Localizable.strings"; sourceTree = "<group>"; };
		A1E2B5C32F4A8A1B00F12345 /* ja */ = {isa = PBXFileReference; lastKnownFileType = text.plist.strings; name = ja; path = ja.lproj/Localizable.strings; sourceTree = "<group>"; };
		A1E2B5C42F4A8A1B00F12345 /* ko */ = {isa = PBXFileReference; lastKnownFileType = text.plist.strings; name = ko; path = ko.lproj/Localizable.strings; sourceTree = "<group>"; };
		A1E2B5C52F4A8A1B00F12345 /* fr */ = {isa = PBXFileReference; lastKnownFileType = text.plist.strings; name = fr; path = fr.lproj/Localizable.strings; sourceTree = "<group>"; };
		A1E2B5C62F4A8A1B00F12345 /* es */ = {isa = PBXFileReference; lastKnownFileType = text.plist.strings; name = es; path = es.lproj/Localizable.strings; sourceTree = "<group>"; };
		A1E2B5C72F4A8A1B00F12345 /* de */ = {isa = PBXFileReference; lastKnownFileType = text.plist.strings; name = de; path = de.lproj/Localizable.strings; sourceTree = "<group>"; };
		A1E2B5C82F4A8A1B00F12345 /* ru */ = {isa = PBXFileReference; lastKnownFileType = text.plist.strings; name = ru; path = ru.lproj/Localizable.strings; sourceTree = "<group>"; };
		A1E2B5C92F4A8A1B00F12345 /* hi */ = {isa = PBXFileReference; lastKnownFileType = text.plist.strings; name = hi; path = hi.lproj/Localizable.strings; sourceTree = "<group>"; };
		A1E2B5CA2F4A8A1B00F12345 /* vi */ = {isa = PBXFileReference; lastKnownFileType = text.plist.strings; name = vi; path = vi.lproj/Localizable.strings; sourceTree = "<group>"; };
/* End PBXFileReference section */

/* Begin PBXFileSystemSynchronizedRootGroup section */
		0D1B0B422E4CDE460083EEF9 /* LaunchNext */ = {
			isa = PBXFileSystemSynchronizedRootGroup;
			path = LaunchNext;
			sourceTree = "<group>";
		};
/* End PBXFileSystemSynchronizedRootGroup section */

/* Begin PBXFrameworksBuildPhase section */
		0D1B0B3D2E4CDE460083EEF9 /* Frameworks */ = {
			isa = PBXFrameworksBuildPhase;
			buildActionMask = 2147483647;
			files = (
			);
			runOnlyForDeploymentPostprocessing = 0;
		};
/* End PBXFrameworksBuildPhase section */

/* Begin PBXGroup section */
		0D1B0B372E4CDE460083EEF9 = {
			isa = PBXGroup;
			children = (
				A1E2B5CB2F4A8A1B00F12345 /* Localizable.strings */,
				0D1B0B422E4CDE460083EEF9 /* LaunchNext */,
				0D1B0B412E4CDE460083EEF9 /* Products */,
			);
			sourceTree = "<group>";
		};
		0D1B0B412E4CDE460083EEF9 /* Products */ = {
			isa = PBXGroup;
			children = (
				0D1B0B402E4CDE460083EEF9 /* LaunchNext.app */,
			);
			name = Products;
			sourceTree = "<group>";
		};
/* End PBXGroup section */

/* Begin PBXNativeTarget section */
		0D1B0B3F2E4CDE460083EEF9 /* LaunchNext */ = {
			isa = PBXNativeTarget;
			buildConfigurationList = 0D1B0B4B2E4CDE480083EEF9 /* Build configuration list for PBXNativeTarget "LaunchNext" */;
			buildPhases = (
				0D1B0B3C2E4CDE460083EEF9 /* Sources */,
				0D1B0B3D2E4CDE460083EEF9 /* Frameworks */,
				0D1B0B3E2E4CDE460083EEF9 /* Resources */,
				E1C2D3A42F56B78900ABCDEF /* Run Script (Updater) */,
			);
			buildRules = (
			);
			dependencies = (
			);
			fileSystemSynchronizedGroups = (
				0D1B0B422E4CDE460083EEF9 /* LaunchNext */,
			);
			name = LaunchNext;
			packageProductDependencies = (
			);
			productName = LaunchNext;
			productReference = 0D1B0B402E4CDE460083EEF9 /* LaunchNext.app */;
			productType = "com.apple.product-type.application";
		};
/* End PBXNativeTarget section */

/* Begin PBXProject section */
		0D1B0B382E4CDE460083EEF9 /* Project object */ = {
			isa = PBXProject;
			attributes = {
				BuildIndependentTargetsInParallel = 1;
				LastSwiftUpdateCheck = 2600;
				LastUpgradeCheck = 2600;
				TargetAttributes = {
					0D1B0B3F2E4CDE460083EEF9 = {
						CreatedOnToolsVersion = 26.0;
						LastSwiftMigration = 2600;
					};
				};
			};
			buildConfigurationList = 0D1B0B3B2E4CDE460083EEF9 /* Build configuration list for PBXProject "LaunchNext" */;
			developmentRegion = en;
			hasScannedForEncodings = 0;
			knownRegions = (
				en,
				Base,
				"zh-Hans",
				ja,
				ko,
				fr,
				es,
				cs,
				de,
				ru,
				hi,
				vi,
			);
			mainGroup = 0D1B0B372E4CDE460083EEF9;
			minimizedProjectReferenceProxies = 1;
			preferredProjectObjectVersion = 77;
			productRefGroup = 0D1B0B412E4CDE460083EEF9 /* Products */;
			projectDirPath = "";
			projectRoot = "";
			targets = (
				0D1B0B3F2E4CDE460083EEF9 /* LaunchNext */,
			);
		};
/* End PBXProject section */

/* Begin PBXResourcesBuildPhase section */
		0D1B0B3E2E4CDE460083EEF9 /* Resources */ = {
			isa = PBXResourcesBuildPhase;
			buildActionMask = 2147483647;
			files = (
				A1E2B5C02F4A8A1B00F12345 /* Localizable.strings in Resources */,
			);
			runOnlyForDeploymentPostprocessing = 0;
		};
/* End PBXResourcesBuildPhase section */

/* Begin PBXShellScriptBuildPhase section */
		E1C2D3A42F56B78900ABCDEF /* Run Script (Updater) */ = {
			isa = PBXShellScriptBuildPhase;
			buildActionMask = 2147483647;
			files = (
			);
			inputFileListPaths = (
			);
			inputPaths = (
				"$(SRCROOT)/UpdaterScripts/SwiftUpdater/Package.swift",
				"$(SRCROOT)/UpdaterScripts/SwiftUpdater/Sources/SwiftUpdater/Arguments.swift",
				"$(SRCROOT)/UpdaterScripts/SwiftUpdater/Sources/SwiftUpdater/Config.swift",
				"$(SRCROOT)/UpdaterScripts/SwiftUpdater/Sources/SwiftUpdater/Downloader.swift",
				"$(SRCROOT)/UpdaterScripts/SwiftUpdater/Sources/SwiftUpdater/Errors.swift",
				"$(SRCROOT)/UpdaterScripts/SwiftUpdater/Sources/SwiftUpdater/GitHubAPI.swift",
				"$(SRCROOT)/UpdaterScripts/SwiftUpdater/Sources/SwiftUpdater/Installer.swift",
				"$(SRCROOT)/UpdaterScripts/SwiftUpdater/Sources/SwiftUpdater/Localization.swift",
				"$(SRCROOT)/UpdaterScripts/SwiftUpdater/Sources/SwiftUpdater/NCursesUI.swift",
				"$(SRCROOT)/UpdaterScripts/SwiftUpdater/Sources/SwiftUpdater/SwiftUpdater.swift",
			);
			name = "Run Script (Updater)";
			outputFileListPaths = (
			);
			outputPaths = (
				"$(TARGET_BUILD_DIR)/$(UNLOCALIZED_RESOURCES_FOLDER_PATH)/Updater/SwiftUpdater",
			);
			runOnlyForDeploymentPostprocessing = 0;
			shellPath = /bin/bash;
			shellScript = "set -euo pipefail\n\nif [[ \"${ENABLE_PREVIEWS:-NO}\" == \"YES\" ]]; then\n  echo 'SwiftUI Preview: skip updater build'\n  exit 0\nfi\n\nUPDATER_DIR=\"${SRCROOT}/UpdaterScripts/SwiftUpdater\"\nDEST_DIR=\"${TARGET_BUILD_DIR}/${UNLOCALIZED_RESOURCES_FOLDER_PATH}/Updater\"\nSOURCE_BIN=\"${UPDATER_DIR}/.build/apple/Products/Release/SwiftUpdater\"\nLEGACY_BIN=\"${UPDATER_DIR}/.build/release/SwiftUpdater\"\n\nmkdir -p \"${DEST_DIR}\"\n\nfunction sign_binary {\n  /usr/bin/codesign --force --sign - --preserve-metadata=entitlements,requirements \"$1\"\n}\n\nif [[ -f \"${SOURCE_BIN}\" ]]; then\n  echo \"Using SwiftUpdater at ${SOURCE_BIN}\"\n  cp \"${SOURCE_BIN}\" \"${DEST_DIR}/SwiftUpdater\"\n  chmod +x \"${DEST_DIR}/SwiftUpdater\"\n  sign_binary \"${DEST_DIR}/SwiftUpdater\"\n  exit 0\nfi\n\nif [[ -f \"${LEGACY_BIN}\" ]]; then\n  echo \"Using SwiftUpdater at ${LEGACY_BIN}\"\n  cp \"${LEGACY_BIN}\" \"${DEST_DIR}/SwiftUpdater\"\n  chmod +x \"${DEST_DIR}/SwiftUpdater\"\n  sign_binary \"${DEST_DIR}/SwiftUpdater\"\n  exit 0\nfi\n\n>&2 echo \"error: SwiftUpdater binary not found. Run 'swift build --configuration release --arch arm64 --arch x86_64 --product SwiftUpdater' in UpdaterScripts/SwiftUpdater\"\nexit 1\n";
		};
/* End PBXShellScriptBuildPhase section */

/* Begin PBXSourcesBuildPhase section */
		0D1B0B3C2E4CDE460083EEF9 /* Sources */ = {
			isa = PBXSourcesBuildPhase;
			buildActionMask = 2147483647;
			files = (
			);
			runOnlyForDeploymentPostprocessing = 0;
		};
/* End PBXSourcesBuildPhase section */

/* Begin PBXVariantGroup section */
		A1E2B5CB2F4A8A1B00F12345 /* Localizable.strings */ = {
			isa = PBXVariantGroup;
			children = (
				A1E2B5C12F4A8A1B00F12345 /* en */,
				A1E2B5C22F4A8A1B00F12345 /* zh-Hans */,
				A1E2B5C32F4A8A1B00F12345 /* ja */,
				A1E2B5C42F4A8A1B00F12345 /* ko */,
				A1E2B5C52F4A8A1B00F12345 /* fr */,
				A1E2B5C62F4A8A1B00F12345 /* es */,
				690FA1FB2E88822200948FA6 /* cs */,
				A1E2B5C72F4A8A1B00F12345 /* de */,
				A1E2B5C82F4A8A1B00F12345 /* ru */,
				A1E2B5C92F4A8A1B00F12345 /* hi */,
				A1E2B5CA2F4A8A1B00F12345 /* vi */,
			);
			name = Localizable.strings;
			sourceTree = "<group>";
		};
/* End PBXVariantGroup section */

/* Begin XCBuildConfiguration section */
		0D1B0B492E4CDE480083EEF9 /* Debug */ = {
			isa = XCBuildConfiguration;
			buildSettings = {
				ALWAYS_SEARCH_USER_PATHS = NO;
				ASSETCATALOG_COMPILER_GENERATE_SWIFT_ASSET_SYMBOL_EXTENSIONS = YES;
				CLANG_ANALYZER_NONNULL = YES;
				CLANG_ANALYZER_NUMBER_OBJECT_CONVERSION = YES_AGGRESSIVE;
				CLANG_CXX_LANGUAGE_STANDARD = "gnu++20";
				CLANG_ENABLE_MODULES = YES;
				CLANG_ENABLE_OBJC_ARC = YES;
				CLANG_ENABLE_OBJC_WEAK = YES;
				CLANG_WARN_BLOCK_CAPTURE_AUTORELEASING = YES;
				CLANG_WARN_BOOL_CONVERSION = YES;
				CLANG_WARN_COMMA = YES;
				CLANG_WARN_CONSTANT_CONVERSION = YES;
				CLANG_WARN_DEPRECATED_OBJC_IMPLEMENTATIONS = YES;
				CLANG_WARN_DIRECT_OBJC_ISA_USAGE = YES_ERROR;
				CLANG_WARN_DOCUMENTATION_COMMENTS = YES;
				CLANG_WARN_EMPTY_BODY = YES;
				CLANG_WARN_ENUM_CONVERSION = YES;
				CLANG_WARN_INFINITE_RECURSION = YES;
				CLANG_WARN_INT_CONVERSION = YES;
				CLANG_WARN_NON_LITERAL_NULL_CONVERSION = YES;
				CLANG_WARN_OBJC_IMPLICIT_RETAIN_SELF = YES;
				CLANG_WARN_OBJC_LITERAL_CONVERSION = YES;
				CLANG_WARN_OBJC_ROOT_CLASS = YES_ERROR;
				CLANG_WARN_QUOTED_INCLUDE_IN_FRAMEWORK_HEADER = YES;
				CLANG_WARN_RANGE_LOOP_ANALYSIS = YES;
				CLANG_WARN_STRICT_PROTOTYPES = YES;
				CLANG_WARN_SUSPICIOUS_MOVE = YES;
				CLANG_WARN_UNGUARDED_AVAILABILITY = YES_AGGRESSIVE;
				CLANG_WARN_UNREACHABLE_CODE = YES;
				CLANG_WARN__DUPLICATE_METHOD_MATCH = YES;
				COPY_PHASE_STRIP = NO;
				DEBUG_INFORMATION_FORMAT = dwarf;
				DEVELOPMENT_TEAM = 6V3LHNB5K8;
				ENABLE_STRICT_OBJC_MSGSEND = YES;
				ENABLE_TESTABILITY = YES;
				ENABLE_USER_SCRIPT_SANDBOXING = NO;
				GCC_C_LANGUAGE_STANDARD = gnu17;
				GCC_DYNAMIC_NO_PIC = NO;
				GCC_NO_COMMON_BLOCKS = YES;
				GCC_OPTIMIZATION_LEVEL = 0;
				GCC_PREPROCESSOR_DEFINITIONS = (
					"DEBUG=1",
					"$(inherited)",
				);
				GCC_WARN_64_TO_32_BIT_CONVERSION = YES;
				GCC_WARN_ABOUT_RETURN_TYPE = YES_ERROR;
				GCC_WARN_UNDECLARED_SELECTOR = YES;
				GCC_WARN_UNINITIALIZED_AUTOS = YES_AGGRESSIVE;
				GCC_WARN_UNUSED_FUNCTION = YES;
				GCC_WARN_UNUSED_VARIABLE = YES;
				LOCALIZATION_PREFERS_STRING_CATALOGS = YES;
				MACOSX_DEPLOYMENT_TARGET = 15.0;
				MTL_ENABLE_DEBUG_INFO = INCLUDE_SOURCE;
				MTL_FAST_MATH = YES;
				ONLY_ACTIVE_ARCH = YES;
				SDKROOT = macosx;
				SWIFT_ACTIVE_COMPILATION_CONDITIONS = "DEBUG $(inherited)";
				SWIFT_OPTIMIZATION_LEVEL = "-Onone";
			};
			name = Debug;
		};
		0D1B0B4A2E4CDE480083EEF9 /* Release */ = {
			isa = XCBuildConfiguration;
			buildSettings = {
				ALWAYS_SEARCH_USER_PATHS = NO;
				ASSETCATALOG_COMPILER_GENERATE_SWIFT_ASSET_SYMBOL_EXTENSIONS = YES;
				CLANG_ANALYZER_NONNULL = YES;
				CLANG_ANALYZER_NUMBER_OBJECT_CONVERSION = YES_AGGRESSIVE;
				CLANG_CXX_LANGUAGE_STANDARD = "gnu++20";
				CLANG_ENABLE_MODULES = YES;
				CLANG_ENABLE_OBJC_ARC = YES;
				CLANG_ENABLE_OBJC_WEAK = YES;
				CLANG_WARN_BLOCK_CAPTURE_AUTORELEASING = YES;
				CLANG_WARN_BOOL_CONVERSION = YES;
				CLANG_WARN_COMMA = YES;
				CLANG_WARN_CONSTANT_CONVERSION = YES;
				CLANG_WARN_DEPRECATED_OBJC_IMPLEMENTATIONS = YES;
				CLANG_WARN_DIRECT_OBJC_ISA_USAGE = YES_ERROR;
				CLANG_WARN_DOCUMENTATION_COMMENTS = YES;
				CLANG_WARN_EMPTY_BODY = YES;
				CLANG_WARN_ENUM_CONVERSION = YES;
				CLANG_WARN_INFINITE_RECURSION = YES;
				CLANG_WARN_INT_CONVERSION = YES;
				CLANG_WARN_NON_LITERAL_NULL_CONVERSION = YES;
				CLANG_WARN_OBJC_IMPLICIT_RETAIN_SELF = YES;
				CLANG_WARN_OBJC_LITERAL_CONVERSION = YES;
				CLANG_WARN_OBJC_ROOT_CLASS = YES_ERROR;
				CLANG_WARN_QUOTED_INCLUDE_IN_FRAMEWORK_HEADER = YES;
				CLANG_WARN_RANGE_LOOP_ANALYSIS = YES;
				CLANG_WARN_STRICT_PROTOTYPES = YES;
				CLANG_WARN_SUSPICIOUS_MOVE = YES;
				CLANG_WARN_UNGUARDED_AVAILABILITY = YES_AGGRESSIVE;
				CLANG_WARN_UNREACHABLE_CODE = YES;
				CLANG_WARN__DUPLICATE_METHOD_MATCH = YES;
				COPY_PHASE_STRIP = NO;
				DEBUG_INFORMATION_FORMAT = "dwarf-with-dsym";
				DEVELOPMENT_TEAM = 6V3LHNB5K8;
				ENABLE_NS_ASSERTIONS = NO;
				ENABLE_STRICT_OBJC_MSGSEND = YES;
				ENABLE_USER_SCRIPT_SANDBOXING = NO;
				GCC_C_LANGUAGE_STANDARD = gnu17;
				GCC_NO_COMMON_BLOCKS = YES;
				GCC_WARN_64_TO_32_BIT_CONVERSION = YES;
				GCC_WARN_ABOUT_RETURN_TYPE = YES_ERROR;
				GCC_WARN_UNDECLARED_SELECTOR = YES;
				GCC_WARN_UNINITIALIZED_AUTOS = YES_AGGRESSIVE;
				GCC_WARN_UNUSED_FUNCTION = YES;
				GCC_WARN_UNUSED_VARIABLE = YES;
				LOCALIZATION_PREFERS_STRING_CATALOGS = YES;
				MACOSX_DEPLOYMENT_TARGET = 15.0;
				MTL_ENABLE_DEBUG_INFO = NO;
				MTL_FAST_MATH = YES;
				SDKROOT = macosx;
				SWIFT_COMPILATION_MODE = wholemodule;
			};
			name = Release;
		};
		0D1B0B4C2E4CDE480083EEF9 /* Debug */ = {
			isa = XCBuildConfiguration;
			buildSettings = {
				ASSETCATALOG_COMPILER_APPICON_NAME = AppIcon;
				ASSETCATALOG_COMPILER_GLOBAL_ACCENT_COLOR_NAME = AccentColor;
				CLANG_ENABLE_MODULES = YES;
				CODE_SIGN_STYLE = Automatic;
				COMBINE_HIDPI_IMAGES = YES;
				CURRENT_PROJECT_VERSION = 20250908;
				DEVELOPMENT_TEAM = "";
				ENABLE_APP_SANDBOX = NO;
				ENABLE_HARDENED_RUNTIME = YES;
				ENABLE_PREVIEWS = YES;
				GENERATE_INFOPLIST_FILE = YES;
				INFOPLIST_KEY_CFBundleDisplayName = LaunchNext;
				INFOPLIST_KEY_LSApplicationCategoryType = "public.app-category.developer-tools";
				INFOPLIST_KEY_LSUIElement = YES;
				INFOPLIST_KEY_NSHumanReadableCopyright = "";
				LD_RUNPATH_SEARCH_PATHS = (
					"$(inherited)",
					"@executable_path/../Frameworks",
				);
				MARKETING_VERSION = 1.0.9;
				PRODUCT_BUNDLE_IDENTIFIER = LaunchNext;
				PRODUCT_NAME = "$(TARGET_NAME)";
				REGISTER_APP_GROUPS = YES;
				STRING_CATALOG_GENERATE_SYMBOLS = YES;
				SWIFT_APPROACHABLE_CONCURRENCY = YES;
				SWIFT_DEFAULT_ACTOR_ISOLATION = MainActor;
				SWIFT_EMIT_LOC_STRINGS = YES;
				SWIFT_OPTIMIZATION_LEVEL = "-Onone";
				SWIFT_UPCOMING_FEATURE_MEMBER_IMPORT_VISIBILITY = YES;
				SWIFT_VERSION = 5.0;
			};
			name = Debug;
		};
		0D1B0B4D2E4CDE480083EEF9 /* Release */ = {
			isa = XCBuildConfiguration;
			buildSettings = {
				ASSETCATALOG_COMPILER_APPICON_NAME = AppIcon;
				ASSETCATALOG_COMPILER_GLOBAL_ACCENT_COLOR_NAME = AccentColor;
				CLANG_ENABLE_MODULES = YES;
				CODE_SIGN_STYLE = Automatic;
				COMBINE_HIDPI_IMAGES = YES;
				CURRENT_PROJECT_VERSION = 20250908;
				DEVELOPMENT_TEAM = "";
				ENABLE_APP_SANDBOX = NO;
				ENABLE_HARDENED_RUNTIME = YES;
				ENABLE_PREVIEWS = YES;
				GENERATE_INFOPLIST_FILE = YES;
				INFOPLIST_KEY_CFBundleDisplayName = LaunchNext;
				INFOPLIST_KEY_LSApplicationCategoryType = "public.app-category.developer-tools";
				INFOPLIST_KEY_LSUIElement = YES;
				INFOPLIST_KEY_NSHumanReadableCopyright = "";
				LD_RUNPATH_SEARCH_PATHS = (
					"$(inherited)",
					"@executable_path/../Frameworks",
				);
				MARKETING_VERSION = 1.0.9;
				PRODUCT_BUNDLE_IDENTIFIER = LaunchNext;
				PRODUCT_NAME = "$(TARGET_NAME)";
				REGISTER_APP_GROUPS = YES;
				STRING_CATALOG_GENERATE_SYMBOLS = YES;
				SWIFT_APPROACHABLE_CONCURRENCY = YES;
				SWIFT_DEFAULT_ACTOR_ISOLATION = MainActor;
				SWIFT_EMIT_LOC_STRINGS = YES;
				SWIFT_UPCOMING_FEATURE_MEMBER_IMPORT_VISIBILITY = YES;
				SWIFT_VERSION = 5.0;
			};
			name = Release;
		};
/* End XCBuildConfiguration section */

/* Begin XCConfigurationList section */
		0D1B0B3B2E4CDE460083EEF9 /* Build configuration list for PBXProject "LaunchNext" */ = {
			isa = XCConfigurationList;
			buildConfigurations = (
				0D1B0B492E4CDE480083EEF9 /* Debug */,
				0D1B0B4A2E4CDE480083EEF9 /* Release */,
			);
			defaultConfigurationIsVisible = 0;
			defaultConfigurationName = Release;
		};
		0D1B0B4B2E4CDE480083EEF9 /* Build configuration list for PBXNativeTarget "LaunchNext" */ = {
			isa = XCConfigurationList;
			buildConfigurations = (
				0D1B0B4C2E4CDE480083EEF9 /* Debug */,
				0D1B0B4D2E4CDE480083EEF9 /* Release */,
			);
			defaultConfigurationIsVisible = 0;
			defaultConfigurationName = Release;
		};
/* End XCConfigurationList section */
	};
	rootObject = 0D1B0B382E4CDE460083EEF9 /* Project object */;
}
